{
  "name": "guess-pets",
  "lockfileVersion": 3,
  "requires": true,
  "packages": {
    "": {
      "dependencies": {
        "guess-ideology": "^1.5.1",
        "guess-iq": "^1.2.2",
        "guess-smartphone": "^1.2.3",
        "guess-zodiac": "^1.5.15",
        "random-color-selector": "^1.1.2",
        "random-drink-selector": "^1.1.2",
        "random-food-selector": "^1.1.2",
        "random-hobby-selector": "^1.5.3",
        "random-job-selector": "^1.2.3",
        "random-religion-selector": "^1.22.2"
      }
    },
    "node_modules/asynckit": {
      "version": "0.4.0",
      "resolved": "https://registry.npmjs.org/asynckit/-/asynckit-0.4.0.tgz",
      "integrity": "sha512-Oei9OH4tRh0YqU3GxhX79dM/mwVgvbZJaSNaRk+bshkj0S5cfHcgYakreBjrHwatXKbz+IoIdYLxrKim2MjW0Q=="
    },
    "node_modules/axios": {
      "version": "1.6.7",
      "resolved": "https://registry.npmjs.org/axios/-/axios-1.6.7.tgz",
      "integrity": "sha512-/hDJGff6/c7u0hDkvkGxR/oy6CbCs8ziCsC7SqmhjfozqiJGc8Z11wrv9z9lYfY4K8l+H9TpjcMDX0xOZmx+RA==",
      "dependencies": {
        "follow-redirects": "^1.15.4",
        "form-data": "^4.0.0",
        "proxy-from-env": "^1.1.0"
      }
    },
    "node_modules/chalk": {
      "version": "5.3.0",
      "resolved": "https://registry.npmjs.org/chalk/-/chalk-5.3.0.tgz",
      "integrity": "sha512-dLitG79d+GV1Nb/VYcCDFivJeK1hiukt9QjRNVOsUtTy1rR1YJsmpGGTZ3qJos+uw7WmWF4wUwBd9jxjocFC2w==",
      "engines": {
        "node": "^12.17.0 || ^14.13 || >=16.0.0"
      },
      "funding": {
        "url": "https://github.com/chalk/chalk?sponsor=1"
      }
    },
    "node_modules/combined-stream": {
      "version": "1.0.8",
      "resolved": "https://registry.npmjs.org/combined-stream/-/combined-stream-1.0.8.tgz",
      "integrity": "sha512-FQN4MRfuJeHf7cBbBMJFXhKSDq+2kAArBlmRBvcvFE5BB1HZKXtSFASDhdlz9zOYwxh8lDdnvmMOe/+5cdoEdg==",
      "dependencies": {
        "delayed-stream": "~1.0.0"
      },
      "engines": {
        "node": ">= 0.8"
      }
    },
    "node_modules/delayed-stream": {
      "version": "1.0.0",
      "resolved": "https://registry.npmjs.org/delayed-stream/-/delayed-stream-1.0.0.tgz",
      "integrity": "sha512-ZySD7Nf91aLB0RxL4KGrKHBXl7Eds1DAmEdcoVawXnLD7SDhpNgtuII2aAkg7a7QS41jxPSZ17p4VdGnMHk3MQ==",
      "engines": {
        "node": ">=0.4.0"
      }
    },
    "node_modules/follow-redirects": {
      "version": "1.15.5",
      "resolved": "https://registry.npmjs.org/follow-redirects/-/follow-redirects-1.15.5.tgz",
      "integrity": "sha512-vSFWUON1B+yAw1VN4xMfxgn5fTUiaOzAJCKBwIIgT/+7CuGy9+r+5gITvP62j3RmaD5Ph65UaERdOSRGUzZtgw==",
      "funding": [
        {
          "type": "individual",
          "url": "https://github.com/sponsors/RubenVerborgh"
        }
      ],
      "engines": {
        "node": ">=4.0"
      },
      "peerDependenciesMeta": {
        "debug": {
          "optional": true
        }
      }
    },
    "node_modules/form-data": {
      "version": "4.0.0",
      "resolved": "https://registry.npmjs.org/form-data/-/form-data-4.0.0.tgz",
      "integrity": "sha512-ETEklSGi5t0QMZuiXoA/Q6vcnxcLQP5vdugSpuAyi6SVGi2clPPp+xgEhuMaHC+zGgn31Kd235W35f7Hykkaww==",
      "dependencies": {
        "asynckit": "^0.4.0",
        "combined-stream": "^1.0.8",
        "mime-types": "^2.1.12"
      },
      "engines": {
        "node": ">= 6"
      }
    },
    "node_modules/guess-ideology": {
      "version": "1.5.1",
      "resolved": "https://registry.npmjs.org/guess-ideology/-/guess-ideology-1.5.1.tgz",
      "integrity": "sha512-9Dw+33iU7KKxOB6hNqH1ZZ82vdRzjhgKgASP3At2ROuz9/frs7tNZHOPDRWdADZNkEuES/UsAFU1LpT6YprgMQ==",
      "dependencies": {
        "guess-iq": "^1.2.2",
        "guess-smartphone": "^1.2.3",
        "random-color-selector": "^1.1.2",
        "random-drink-selector": "^1.1.2",
        "random-food-selector": "^1.1.2",
        "random-hobby-selector": "^1.5.3",
        "random-job-selector": "^1.2.3",
        "random-religion-selector": "^1.22.2"
      }
    },
    "node_modules/guess-iq": {
      "version": "1.2.2",
      "resolved": "https://registry.npmjs.org/guess-iq/-/guess-iq-1.2.2.tgz",
      "integrity": "sha512-Z29y+aDSjQWEFmDMm/NDX5saqMLj2AZH6cOv0aleldew7NAh4um93E1RwLbbboAeEc7QTQR8GysrbOUGSamkPQ==",
      "dependencies": {
        "guess-smartphone": "^1.2.3",
        "random-color-selector": "^1.1.2",
        "random-drink-selector": "^1.1.2",
        "random-food-selector": "^1.1.2",
        "random-hobby-selector": "^1.5.3",
        "random-job-selector": "^1.2.3",
        "random-religion-selector": "^1.22.2"
      }
    },
    "node_modules/guess-smartphone": {
      "version": "1.2.3",
      "resolved": "https://registry.npmjs.org/guess-smartphone/-/guess-smartphone-1.2.3.tgz",
      "integrity": "sha512-53AxesB+P7FgsCdYwIG91zJCitN2+cXqnds/OBAkWPzRmGnwc9U59vZ/KqT9NRbiiQnOp/OTr31Dgg0M9+wfnA==",
      "dependencies": {
        "random-color-selector": "^1.1.2",
        "random-drink-selector": "^1.1.2",
        "random-food-selector": "^1.1.2",
        "random-hobby-selector": "^1.5.3",
        "random-job-selector": "^1.2.3",
        "random-religion-selector": "^1.22.2"
      }
    },
    "node_modules/guess-zodiac": {
      "version": "1.5.15",
      "resolved": "https://registry.npmjs.org/guess-zodiac/-/guess-zodiac-1.5.15.tgz",
      "integrity": "sha512-PSDlBURXXd+ewlNw2aUWhgisIbdwj62tG6ooVdoJbCJ90rV80y9vE+cq2+GRemctS2iSDaoHFUZvpNLtBCDKMw==",
      "dependencies": {
        "guess-ideology": "^1.5.1",
        "guess-iq": "^1.2.2",
        "guess-smartphone": "^1.2.3",
        "random-color-selector": "^1.1.2",
        "random-drink-selector": "^1.1.2",
        "random-food-selector": "^1.1.2",
        "random-hobby-selector": "^1.5.3",
        "random-job-selector": "^1.2.3",
        "random-religion-selector": "^1.22.2"
      }
    },
    "node_modules/lodash": {
      "version": "4.17.21",
      "resolved": "https://registry.npmjs.org/lodash/-/lodash-4.17.21.tgz",
      "integrity": "sha512-v2kDEe57lecTulaDIuNTPy3Ry4gLGJ6Z1O3vE1krgXZNrsQ+LFTGHVxVjcXPs17LhbZVGedAJv8XZ1tvj5FvSg=="
    },
    "node_modules/mime-db": {
      "version": "1.52.0",
      "resolved": "https://registry.npmjs.org/mime-db/-/mime-db-1.52.0.tgz",
      "integrity": "sha512-sPU4uV7dYlvtWJxwwxHD0PuihVNiE7TyAbQ5SWxDCB9mUYvOgroQOwYQQOKPJ8CIbE+1ETVlOoK1UC2nU3gYvg==",
      "engines": {
        "node": ">= 0.6"
      }
    },
    "node_modules/mime-types": {
      "version": "2.1.35",
      "resolved": "https://registry.npmjs.org/mime-types/-/mime-types-2.1.35.tgz",
      "integrity": "sha512-ZDY+bPm5zTTF+YpCrAU9nK0UgICYPT0QtT1NZWFv4s++TNkcgVaT0g6+4R2uI4MjQjzysHB1zxuWL50hzaeXiw==",
      "dependencies": {
        "mime-db": "1.52.0"
      },
      "engines": {
        "node": ">= 0.6"
      }
    },
    "node_modules/proxy-from-env": {
      "version": "1.1.0",
      "resolved": "https://registry.npmjs.org/proxy-from-env/-/proxy-from-env-1.1.0.tgz",
      "integrity": "sha512-D+zkORCbA9f1tdWRK0RaCR3GPv50cMxcrz4X8k5LTSUD1Dkw47mKJEZQNunItRTkWwgtaUSo1RVFRIG9ZXiFYg=="
    },
    "node_modules/random-color-selector": {
      "version": "1.1.2",
      "resolved": "https://registry.npmjs.org/random-color-selector/-/random-color-selector-1.1.2.tgz",
      "integrity": "sha512-cqt1/OBlcO5PIdiu25HtTBrtiAowCsLkxhP/gGYWYfU6LUU9+7YoMShH+w15p7GziQ8eM4cNeQ8EdArNAVKnWw==",
      "dependencies": {
        "random-drink-selector": "^1.1.2",
        "random-food-selector": "^1.1.2"
      }
    },
    "node_modules/random-drink-selector": {
      "version": "1.1.2",
      "resolved": "https://registry.npmjs.org/random-drink-selector/-/random-drink-selector-1.1.2.tgz",
      "integrity": "sha512-EG8dFKsNRDfTyXfBFkTWb6Mx1wgW6mFUWgjbTR/ngAXwVHk9OixLd4YgjjytaUsuAWknxEc26FBEh5gqI/ch2g==",
      "dependencies": {
        "random-food-selector": "^1.1.2"
      }
    },
    "node_modules/random-food-selector": {
      "version": "1.1.2",
      "resolved": "https://registry.npmjs.org/random-food-selector/-/random-food-selector-1.1.2.tgz",
      "integrity": "sha512-iuRuqtEAji/BPeAIAAMepe2iWT8/A7eIh0RyBNm6Lls/a5q0poeyh8mNuPP2DU7E01LQkTp/UbCWlWyhTt9Mtg==",
      "dependencies": {
        "axios": "^1.6.7",
        "chalk": "^5.3.0",
        "lodash": "^4.17.21"
      }
    },
    "node_modules/random-hobby-selector": {
      "version": "1.5.3",
      "resolved": "https://registry.npmjs.org/random-hobby-selector/-/random-hobby-selector-1.5.3.tgz",
      "integrity": "sha512-E72uRqisdm7oSVfSwAKaDeTH79Z5ySiAexcUdzn6kXUvl6T6dyOCPzzszH5JylijdVAhVQoBQYwyWot8Lk/D/g==",
      "dependencies": {
        "random-color-selector": "^1.1.2",
        "random-drink-selector": "^1.1.2",
        "random-food-selector": "^1.1.2",
        "random-job-selector": "^1.2.3",
        "random-religion-selector": "^1.22.2"
      }
    },
    "node_modules/random-job-selector": {
      "version": "1.2.3",
      "resolved": "https://registry.npmjs.org/random-job-selector/-/random-job-selector-1.2.3.tgz",
      "integrity": "sha512-HytQoDlR0SnHyd8lDkbJeg3jycHqmr809rGVRDoKQ0hr5oaSA8C60qB6tMP7Fic/iJ6b43MZM4JguAmiXN+1Fw==",
      "dependencies": {
        "random-color-selector": "^1.1.2",
        "random-drink-selector": "^1.1.2",
        "random-food-selector": "^1.1.2",
        "random-religion-selector": "^1.22.2"
      }
    },
    "node_modules/random-religion-selector": {
      "version": "1.22.2",
      "resolved": "https://registry.npmjs.org/random-religion-selector/-/random-religion-selector-1.22.2.tgz",
      "integrity": "sha512-booexbi/roDHbNuXA8N+Knj2vxjnhXxxEJMNhq0/Y2IbxEzHFPF7eUN7dC/uILeldfa6/rWczTR64Acpbk97PA==",
      "dependencies": {
        "random-color-selector": "^1.1.2",
        "random-drink-selector": "^1.1.2",
        "random-food-selector": "^1.1.2"
      }
    }
  }
}
